// !$*UTF8*$!
{
	archiveVersion = 1;
	classes = {
	};
	objectVersion = 50;
	objects = {

/* Begin PBXBuildFile section */
		750C9A2422DEBF4200847703 /* ZPSixViewController.m in Sources */ = {isa = PBXBuildFile; fileRef = 750C9A2322DEBF4200847703 /* ZPSixViewController.m */; };
		7518BF3C222922F100944032 /* ZPThread.m in Sources */ = {isa = PBXBuildFile; fileRef = 7518BF3B222922F100944032 /* ZPThread.m */; };
		75A01B0422327B6D009FACAF /* ZPFourViewController.m in Sources */ = {isa = PBXBuildFile; fileRef = 75A01B0322327B6D009FACAF /* ZPFourViewController.m */; };
		75A01B0722327D4F009FACAF /* ZPFiveViewController.m in Sources */ = {isa = PBXBuildFile; fileRef = 75A01B0622327D4F009FACAF /* ZPFiveViewController.m */; };
		75BB1C7822283D290069348F /* AppDelegate.m in Sources */ = {isa = PBXBuildFile; fileRef = 75BB1C7722283D290069348F /* AppDelegate.m */; };
		75BB1C7E22283D290069348F /* Main.storyboard in Resources */ = {isa = PBXBuildFile; fileRef = 75BB1C7C22283D290069348F /* Main.storyboard */; };
		75BB1C8022283D2A0069348F /* Assets.xcassets in Resources */ = {isa = PBXBuildFile; fileRef = 75BB1C7F22283D2A0069348F /* Assets.xcassets */; };
		75BB1C8622283D2A0069348F /* main.m in Sources */ = {isa = PBXBuildFile; fileRef = 75BB1C8522283D2A0069348F /* main.m */; };
		75DEEB8E222BC975002EC754 /* NSTimer+ZPTimer.m in Sources */ = {isa = PBXBuildFile; fileRef = 75DEEB8D222BC975002EC754 /* NSTimer+ZPTimer.m */; };
		75DEEB91222BCD8B002EC754 /* ZPOneViewController.m in Sources */ = {isa = PBXBuildFile; fileRef = 75DEEB90222BCD8B002EC754 /* ZPOneViewController.m */; };
		75DEEB94222BCD9E002EC754 /* ZPTwoViewController.m in Sources */ = {isa = PBXBuildFile; fileRef = 75DEEB93222BCD9E002EC754 /* ZPTwoViewController.m */; };
		75DEEB97222BCDAA002EC754 /* ZPThreeViewController.m in Sources */ = {isa = PBXBuildFile; fileRef = 75DEEB96222BCDAA002EC754 /* ZPThreeViewController.m */; };
/* End PBXBuildFile section */

/* Begin PBXFileReference section */
		750C9A2222DEBF4200847703 /* ZPSixViewController.h */ = {isa = PBXFileReference; lastKnownFileType = sourcecode.c.h; path = ZPSixViewController.h; sourceTree = "<group>"; };
		750C9A2322DEBF4200847703 /* ZPSixViewController.m */ = {isa = PBXFileReference; lastKnownFileType = sourcecode.c.objc; path = ZPSixViewController.m; sourceTree = "<group>"; };
		7518BF3A222922F100944032 /* ZPThread.h */ = {isa = PBXFileReference; lastKnownFileType = sourcecode.c.h; path = ZPThread.h; sourceTree = "<group>"; };
		7518BF3B222922F100944032 /* ZPThread.m */ = {isa = PBXFileReference; lastKnownFileType = sourcecode.c.objc; path = ZPThread.m; sourceTree = "<group>"; };
		75A01B0222327B6D009FACAF /* ZPFourViewController.h */ = {isa = PBXFileReference; lastKnownFileType = sourcecode.c.h; path = ZPFourViewController.h; sourceTree = "<group>"; };
		75A01B0322327B6D009FACAF /* ZPFourViewController.m */ = {isa = PBXFileReference; lastKnownFileType = sourcecode.c.objc; path = ZPFourViewController.m; sourceTree = "<group>"; };
		75A01B0522327D4F009FACAF /* ZPFiveViewController.h */ = {isa = PBXFileReference; lastKnownFileType = sourcecode.c.h; path = ZPFiveViewController.h; sourceTree = "<group>"; };
		75A01B0622327D4F009FACAF /* ZPFiveViewController.m */ = {isa = PBXFileReference; lastKnownFileType = sourcecode.c.objc; path = ZPFiveViewController.m; sourceTree = "<group>"; };
		75BB1C7322283D290069348F /* RunLoop.app */ = {isa = PBXFileReference; explicitFileType = wrapper.application; includeInIndex = 0; path = RunLoop.app; sourceTree = BUILT_PRODUCTS_DIR; };
		75BB1C7622283D290069348F /* AppDelegate.h */ = {isa = PBXFileReference; lastKnownFileType = sourcecode.c.h; path = AppDelegate.h; sourceTree = "<group>"; };
		75BB1C7722283D290069348F /* AppDelegate.m */ = {isa = PBXFileReference; lastKnownFileType = sourcecode.c.objc; path = AppDelegate.m; sourceTree = "<group>"; };
		75BB1C7D22283D290069348F /* Base */ = {isa = PBXFileReference; lastKnownFileType = file.storyboard; name = Base; path = Base.lproj/Main.storyboard; sourceTree = "<group>"; };
		75BB1C7F22283D2A0069348F /* Assets.xcassets */ = {isa = PBXFileReference; lastKnownFileType = folder.assetcatalog; path = Assets.xcassets; sourceTree = "<group>"; };
		75BB1C8422283D2A0069348F /* Info.plist */ = {isa = PBXFileReference; lastKnownFileType = text.plist.xml; path = Info.plist; sourceTree = "<group>"; };
		75BB1C8522283D2A0069348F /* main.m */ = {isa = PBXFileReference; lastKnownFileType = sourcecode.c.objc; path = main.m; sourceTree = "<group>"; };
		75DEEB8C222BC975002EC754 /* NSTimer+ZPTimer.h */ = {isa = PBXFileReference; lastKnownFileType = sourcecode.c.h; path = "NSTimer+ZPTimer.h"; sourceTree = "<group>"; };
		75DEEB8D222BC975002EC754 /* NSTimer+ZPTimer.m */ = {isa = PBXFileReference; lastKnownFileType = sourcecode.c.objc; path = "NSTimer+ZPTimer.m"; sourceTree = "<group>"; };
		75DEEB8F222BCD8B002EC754 /* ZPOneViewController.h */ = {isa = PBXFileReference; lastKnownFileType = sourcecode.c.h; path = ZPOneViewController.h; sourceTree = "<group>"; };
		75DEEB90222BCD8B002EC754 /* ZPOneViewController.m */ = {isa = PBXFileReference; lastKnownFileType = sourcecode.c.objc; path = ZPOneViewController.m; sourceTree = "<group>"; };
		75DEEB92222BCD9E002EC754 /* ZPTwoViewController.h */ = {isa = PBXFileReference; lastKnownFileType = sourcecode.c.h; path = ZPTwoViewController.h; sourceTree = "<group>"; };
		75DEEB93222BCD9E002EC754 /* ZPTwoViewController.m */ = {isa = PBXFileReference; lastKnownFileType = sourcecode.c.objc; path = ZPTwoViewController.m; sourceTree = "<group>"; };
		75DEEB95222BCDAA002EC754 /* ZPThreeViewController.h */ = {isa = PBXFileReference; lastKnownFileType = sourcecode.c.h; path = ZPThreeViewController.h; sourceTree = "<group>"; };
		75DEEB96222BCDAA002EC754 /* ZPThreeViewController.m */ = {isa = PBXFileReference; lastKnownFileType = sourcecode.c.objc; path = ZPThreeViewController.m; sourceTree = "<group>"; };
/* End PBXFileReference section */

/* Begin PBXFrameworksBuildPhase section */
		75BB1C7022283D290069348F /* Frameworks */ = {
			isa = PBXFrameworksBuildPhase;
			buildActionMask = 2147483647;
			files = (
			);
			runOnlyForDeploymentPostprocessing = 0;
		};
/* End PBXFrameworksBuildPhase section */

/* Begin PBXGroup section */
		75BB1C6A22283D290069348F = {
			isa = PBXGroup;
			children = (
				75BB1C7522283D290069348F /* RunLoop */,
				75BB1C7422283D290069348F /* Products */,
			);
			sourceTree = "<group>";
		};
		75BB1C7422283D290069348F /* Products */ = {
			isa = PBXGroup;
			children = (
				75BB1C7322283D290069348F /* RunLoop.app */,
			);
			name = Products;
			sourceTree = "<group>";
		};
		75BB1C7522283D290069348F /* RunLoop */ = {
			isa = PBXGroup;
			children = (
				75BB1C7622283D290069348F /* AppDelegate.h */,
				75BB1C7722283D290069348F /* AppDelegate.m */,
				75DEEB8F222BCD8B002EC754 /* ZPOneViewController.h */,
				75DEEB90222BCD8B002EC754 /* ZPOneViewController.m */,
				75DEEB92222BCD9E002EC754 /* ZPTwoViewController.h */,
				75DEEB93222BCD9E002EC754 /* ZPTwoViewController.m */,
				75DEEB95222BCDAA002EC754 /* ZPThreeViewController.h */,
				75DEEB96222BCDAA002EC754 /* ZPThreeViewController.m */,
				75A01B0222327B6D009FACAF /* ZPFourViewController.h */,
				75A01B0322327B6D009FACAF /* ZPFourViewController.m */,
				75A01B0522327D4F009FACAF /* ZPFiveViewController.h */,
				75A01B0622327D4F009FACAF /* ZPFiveViewController.m */,
				750C9A2222DEBF4200847703 /* ZPSixViewController.h */,
				750C9A2322DEBF4200847703 /* ZPSixViewController.m */,
				7518BF3A222922F100944032 /* ZPThread.h */,
				7518BF3B222922F100944032 /* ZPThread.m */,
				75DEEB8C222BC975002EC754 /* NSTimer+ZPTimer.h */,
				75DEEB8D222BC975002EC754 /* NSTimer+ZPTimer.m */,
				75BB1C7C22283D290069348F /* Main.storyboard */,
				75BB1C7F22283D2A0069348F /* Assets.xcassets */,
				75BB1C8422283D2A0069348F /* Info.plist */,
				75BB1C8522283D2A0069348F /* main.m */,
			);
			path = RunLoop;
			sourceTree = "<group>";
		};
/* End PBXGroup section */

/* Begin PBXNativeTarget section */
		75BB1C7222283D290069348F /* RunLoop */ = {
			isa = PBXNativeTarget;
			buildConfigurationList = 75BB1C8922283D2A0069348F /* Build configuration list for PBXNativeTarget "RunLoop" */;
			buildPhases = (
				75BB1C6F22283D290069348F /* Sources */,
				75BB1C7022283D290069348F /* Frameworks */,
				75BB1C7122283D290069348F /* Resources */,
			);
			buildRules = (
			);
			dependencies = (
			);
			name = RunLoop;
			productName = RunLoop;
			productReference = 75BB1C7322283D290069348F /* RunLoop.app */;
			productType = "com.apple.product-type.application";
		};
/* End PBXNativeTarget section */

/* Begin PBXProject section */
		75BB1C6B22283D290069348F /* Project object */ = {
			isa = PBXProject;
			attributes = {
				CLASSPREFIX = ZP;
				LastUpgradeCheck = 1010;
				ORGANIZATIONNAME = "赵鹏";
				TargetAttributes = {
					75BB1C7222283D290069348F = {
						CreatedOnToolsVersion = 10.1;
					};
				};
			};
			buildConfigurationList = 75BB1C6E22283D290069348F /* Build configuration list for PBXProject "RunLoop" */;
			compatibilityVersion = "Xcode 9.3";
			developmentRegion = en;
			hasScannedForEncodings = 0;
			knownRegions = (
				en,
				Base,
			);
			mainGroup = 75BB1C6A22283D290069348F;
			productRefGroup = 75BB1C7422283D290069348F /* Products */;
			projectDirPath = "";
			projectRoot = "";
			targets = (
				75BB1C7222283D290069348F /* RunLoop */,
			);
		};
/* End PBXProject section */

/* Begin PBXResourcesBuildPhase section */
		75BB1C7122283D290069348F /* Resources */ = {
			isa = PBXResourcesBuildPhase;
			buildActionMask = 2147483647;
			files = (
				75BB1C8022283D2A0069348F /* Assets.xcassets in Resources */,
				75BB1C7E22283D290069348F /* Main.storyboard in Resources */,
			);
			runOnlyForDeploymentPostprocessing = 0;
		};
/* End PBXResourcesBuildPhase section */

/* Begin PBXSourcesBuildPhase section */
		75BB1C6F22283D290069348F /* Sources */ = {
			isa = PBXSourcesBuildPhase;
			buildActionMask = 2147483647;
			files = (
				75BB1C8622283D2A0069348F /* main.m in Sources */,
				75BB1C7822283D290069348F /* AppDelegate.m in Sources */,
				75DEEB97222BCDAA002EC754 /* ZPThreeViewController.m in Sources */,
				75DEEB94222BCD9E002EC754 /* ZPTwoViewController.m in Sources */,
				75A01B0722327D4F009FACAF /* ZPFiveViewController.m in Sources */,
				750C9A2422DEBF4200847703 /* ZPSixViewController.m in Sources */,
				75DEEB91222BCD8B002EC754 /* ZPOneViewController.m in Sources */,
				75DEEB8E222BC975002EC754 /* NSTimer+ZPTimer.m in Sources */,
				75A01B0422327B6D009FACAF /* ZPFourViewController.m in Sources */,
				7518BF3C222922F100944032 /* ZPThread.m in Sources */,
			);
			runOnlyForDeploymentPostprocessing = 0;
		};
/* End PBXSourcesBuildPhase section */

/* Begin PBXVariantGroup section */
		75BB1C7C22283D290069348F /* Main.storyboard */ = {
			isa = PBXVariantGroup;
			children = (
				75BB1C7D22283D290069348F /* Base */,
			);
			name = Main.storyboard;
			sourceTree = "<group>";
		};
/* End PBXVariantGroup section */

/* Begin XCBuildConfiguration section */
		75BB1C8722283D2A0069348F /* Debug */ = {
			isa = XCBuildConfiguration;
			buildSettings = {
				ALWAYS_SEARCH_USER_PATHS = NO;
				CLANG_ANALYZER_NONNULL = YES;
				CLANG_ANALYZER_NUMBER_OBJECT_CONVERSION = YES_AGGRESSIVE;
				CLANG_CXX_LANGUAGE_STANDARD = "gnu++14";
				CLANG_CXX_LIBRARY = "libc++";
				CLANG_ENABLE_MODULES = YES;
				CLANG_ENABLE_OBJC_ARC = YES;
				CLANG_ENABLE_OBJC_WEAK = YES;
				CLANG_WARN_BLOCK_CAPTURE_AUTORELEASING = YES;
				CLANG_WARN_BOOL_CONVERSION = YES;
				CLANG_WARN_COMMA = YES;
				CLANG_WARN_CONSTANT_CONVERSION = YES;
				CLANG_WARN_DEPRECATED_OBJC_IMPLEMENTATIONS = YES;
				CLANG_WARN_DIRECT_OBJC_ISA_USAGE = YES_ERROR;
				CLANG_WARN_DOCUMENTATION_COMMENTS = YES;
				CLANG_WARN_EMPTY_BODY = YES;
				CLANG_WARN_ENUM_CONVERSION = YES;
				CLANG_WARN_INFINITE_RECURSION = YES;
				CLANG_WARN_INT_CONVERSION = YES;
				CLANG_WARN_NON_LITERAL_NULL_CONVERSION = YES;
				CLANG_WARN_OBJC_IMPLICIT_RETAIN_SELF = YES;
				CLANG_WARN_OBJC_LITERAL_CONVERSION = YES;
				CLANG_WARN_OBJC_ROOT_CLASS = YES_ERROR;
				CLANG_WARN_RANGE_LOOP_ANALYSIS = YES;
				CLANG_WARN_STRICT_PROTOTYPES = YES;
				CLANG_WARN_SUSPICIOUS_MOVE = YES;
				CLANG_WARN_UNGUARDED_AVAILABILITY = YES_AGGRESSIVE;
				CLANG_WARN_UNREACHABLE_CODE = YES;
				CLANG_WARN__DUPLICATE_METHOD_MATCH = YES;
				CODE_SIGN_IDENTITY = "iPhone Developer";
				COPY_PHASE_STRIP = NO;
				DEBUG_INFORMATION_FORMAT = dwarf;
				ENABLE_STRICT_OBJC_MSGSEND = YES;
				ENABLE_TESTABILITY = YES;
				GCC_C_LANGUAGE_STANDARD = gnu11;
				GCC_DYNAMIC_NO_PIC = NO;
				GCC_NO_COMMON_BLOCKS = YES;
				GCC_OPTIMIZATION_LEVEL = 0;
				GCC_PREPROCESSOR_DEFINITIONS = (
					"DEBUG=1",
					"$(inherited)",
				);
				GCC_WARN_64_TO_32_BIT_CONVERSION = YES;
				GCC_WARN_ABOUT_RETURN_TYPE = YES_ERROR;
				GCC_WARN_UNDECLARED_SELECTOR = YES;
				GCC_WARN_UNINITIALIZED_AUTOS = YES_AGGRESSIVE;
				GCC_WARN_UNUSED_FUNCTION = YES;
				GCC_WARN_UNUSED_VARIABLE = YES;
				IPHONEOS_DEPLOYMENT_TARGET = 12.1;
				MTL_ENABLE_DEBUG_INFO = INCLUDE_SOURCE;
				MTL_FAST_MATH = YES;
				ONLY_ACTIVE_ARCH = YES;
				SDKROOT = iphoneos;
			};
			name = Debug;
		};
		75BB1C8822283D2A0069348F /* Release */ = {
			isa = XCBuildConfiguration;
			buildSettings = {
				ALWAYS_SEARCH_USER_PATHS = NO;
				CLANG_ANALYZER_NONNULL = YES;
				CLANG_ANALYZER_NUMBER_OBJECT_CONVERSION = YES_AGGRESSIVE;
				CLANG_CXX_LANGUAGE_STANDARD = "gnu++14";
				CLANG_CXX_LIBRARY = "libc++";
				CLANG_ENABLE_MODULES = YES;
				CLANG_ENABLE_OBJC_ARC = YES;
				CLANG_ENABLE_OBJC_WEAK = YES;
				CLANG_WARN_BLOCK_CAPTURE_AUTORELEASING = YES;
				CLANG_WARN_BOOL_CONVERSION = YES;
				CLANG_WARN_COMMA = YES;
				CLANG_WARN_CONSTANT_CONVERSION = YES;
				CLANG_WARN_DEPRECATED_OBJC_IMPLEMENTATIONS = YES;
				CLANG_WARN_DIRECT_OBJC_ISA_USAGE = YES_ERROR;
				CLANG_WARN_DOCUMENTATION_COMMENTS = YES;
				CLANG_WARN_EMPTY_BODY = YES;
				CLANG_WARN_ENUM_CONVERSION = YES;
				CLANG_WARN_INFINITE_RECURSION = YES;
				CLANG_WARN_INT_CONVERSION = YES;
				CLANG_WARN_NON_LITERAL_NULL_CONVERSION = YES;
				CLANG_WARN_OBJC_IMPLICIT_RETAIN_SELF = YES;
				CLANG_WARN_OBJC_LITERAL_CONVERSION = YES;
				CLANG_WARN_OBJC_ROOT_CLASS = YES_ERROR;
				CLANG_WARN_RANGE_LOOP_ANALYSIS = YES;
				CLANG_WARN_STRICT_PROTOTYPES = YES;
				CLANG_WARN_SUSPICIOUS_MOVE = YES;
				CLANG_WARN_UNGUARDED_AVAILABILITY = YES_AGGRESSIVE;
				CLANG_WARN_UNREACHABLE_CODE = YES;
				CLANG_WARN__DUPLICATE_METHOD_MATCH = YES;
				CODE_SIGN_IDENTITY = "iPhone Developer";
				COPY_PHASE_STRIP = NO;
				DEBUG_INFORMATION_FORMAT = "dwarf-with-dsym";
				ENABLE_NS_ASSERTIONS = NO;
				ENABLE_STRICT_OBJC_MSGSEND = YES;
				GCC_C_LANGUAGE_STANDARD = gnu11;
				GCC_NO_COMMON_BLOCKS = YES;
				GCC_WARN_64_TO_32_BIT_CONVERSION = YES;
				GCC_WARN_ABOUT_RETURN_TYPE = YES_ERROR;
				GCC_WARN_UNDECLARED_SELECTOR = YES;
				GCC_WARN_UNINITIALIZED_AUTOS = YES_AGGRESSIVE;
				GCC_WARN_UNUSED_FUNCTION = YES;
				GCC_WARN_UNUSED_VARIABLE = YES;
				IPHONEOS_DEPLOYMENT_TARGET = 12.1;
				MTL_ENABLE_DEBUG_INFO = NO;
				MTL_FAST_MATH = YES;
				SDKROOT = iphoneos;
				VALIDATE_PRODUCT = YES;
			};
			name = Release;
		};
		75BB1C8A22283D2A0069348F /* Debug */ = {
			isa = XCBuildConfiguration;
			buildSettings = {
				ASSETCATALOG_COMPILER_APPICON_NAME = AppIcon;
				CODE_SIGN_STYLE = Automatic;
				INFOPLIST_FILE = RunLoop/Info.plist;
				LD_RUNPATH_SEARCH_PATHS = (
					"$(inherited)",
					"@executable_path/Frameworks",
				);
				PRODUCT_BUNDLE_IDENTIFIER = Home.RunLoop;
				PRODUCT_NAME = "$(TARGET_NAME)";
				TARGETED_DEVICE_FAMILY = "1,2";
			};
			name = Debug;
		};
		75BB1C8B22283D2A0069348F /* Release */ = {
			isa = XCBuildConfiguration;
			buildSettings = {
				ASSETCATALOG_COMPILER_APPICON_NAME = AppIcon;
				CODE_SIGN_STYLE = Automatic;
				INFOPLIST_FILE = RunLoop/Info.plist;
				LD_RUNPATH_SEARCH_PATHS = (
					"$(inherited)",
					"@executable_path/Frameworks",
				);
				PRODUCT_BUNDLE_IDENTIFIER = Home.RunLoop;
				PRODUCT_NAME = "$(TARGET_NAME)";
				TARGETED_DEVICE_FAMILY = "1,2";
			};
			name = Release;
		};
/* End XCBuildConfiguration section */

/* Begin XCConfigurationList section */
		75BB1C6E22283D290069348F /* Build configuration list for PBXProject "RunLoop" */ = {
			isa = XCConfigurationList;
			buildConfigurations = (
				75BB1C8722283D2A0069348F /* Debug */,
				75BB1C8822283D2A0069348F /* Release */,
			);
			defaultConfigurationIsVisible = 0;
			defaultConfigurationName = Release;
		};
		75BB1C8922283D2A0069348F /* Build configuration list for PBXNativeTarget "RunLoop" */ = {
			isa = XCConfigurationList;
			buildConfigurations = (
				75BB1C8A22283D2A0069348F /* Debug */,
				75BB1C8B22283D2A0069348F /* Release */,
			);
			defaultConfigurationIsVisible = 0;
			defaultConfigurationName = Release;
		};
/* End XCConfigurationList section */
	};
	rootObject = 75BB1C6B22283D290069348F /* Project object */;
}
